
Microsoft Visual Studio Solution File, Format Version 12.00
# Visual Studio Version 17
VisualStudioVersion = 17.14.36301.6
MinimumVisualStudioVersion = 10.0.40219.1
Project("{FAE04EC0-301F-11D3-BF4B-00C04F79EFBC}") = "API.Template.WebAPI", "API.Template.WebAPI\API.Template.WebAPI.csproj", "{F047E0FE-DB0C-43B7-8616-4FED53CD6C0B}"
EndProject
Project("{FAE04EC0-301F-11D3-BF4B-00C04F79EFBC}") = "API.Template.Domain", "API.Template.Domain\API.Template.Domain.csproj", "{A002C398-D145-4F23-BDEE-1F56B9D88522}"
EndProject
Project("{FAE04EC0-301F-11D3-BF4B-00C04F79EFBC}") = "API.Template.Application", "API.Template.Application\API.Template.Application.csproj", "{60D7D0E9-BD77-41DB-AA97-D99E62A99CEA}"
EndProject
Project("{FAE04EC0-301F-11D3-BF4B-00C04F79EFBC}") = "API.Template.Infrastructure", "API.Template.Infrastructure\API.Template.Infrastructure.csproj", "{B7DB4A95-E576-49AE-9177-0CC18182090D}"
EndProject
Project("{2150E333-8FDC-42A3-9474-1A3956D46DE8}") = "src", "src", "{02EA681E-C7D8-13C7-8484-4AC65E1B71E8}"
EndProject
Global
	GlobalSection(SolutionConfigurationPlatforms) = preSolution
		Debug|Any CPU = Debug|Any CPU
		Release|Any CPU = Release|Any CPU
	EndGlobalSection
	GlobalSection(ProjectConfigurationPlatforms) = postSolution
		{F047E0FE-DB0C-43B7-8616-4FED53CD6C0B}.Debug|Any CPU.ActiveCfg = Debug|Any CPU
		{F047E0FE-DB0C-43B7-8616-4FED53CD6C0B}.Debug|Any CPU.Build.0 = Debug|Any CPU
		{F047E0FE-DB0C-43B7-8616-4FED53CD6C0B}.Release|Any CPU.ActiveCfg = Release|Any CPU
		{F047E0FE-DB0C-43B7-8616-4FED53CD6C0B}.Release|Any CPU.Build.0 = Release|Any CPU
		{A002C398-D145-4F23-BDEE-1F56B9D88522}.Debug|Any CPU.ActiveCfg = Debug|Any CPU
		{A002C398-D145-4F23-BDEE-1F56B9D88522}.Debug|Any CPU.Build.0 = Debug|Any CPU
		{A002C398-D145-4F23-BDEE-1F56B9D88522}.Release|Any CPU.ActiveCfg = Release|Any CPU
		{A002C398-D145-4F23-BDEE-1F56B9D88522}.Release|Any CPU.Build.0 = Release|Any CPU
		{60D7D0E9-BD77-41DB-AA97-D99E62A99CEA}.Debug|Any CPU.ActiveCfg = Debug|Any CPU
		{60D7D0E9-BD77-41DB-AA97-D99E62A99CEA}.Debug|Any CPU.Build.0 = Debug|Any CPU
		{60D7D0E9-BD77-41DB-AA97-D99E62A99CEA}.Release|Any CPU.ActiveCfg = Release|Any CPU
		{60D7D0E9-BD77-41DB-AA97-D99E62A99CEA}.Release|Any CPU.Build.0 = Release|Any CPU
		{B7DB4A95-E576-49AE-9177-0CC18182090D}.Debug|Any CPU.ActiveCfg = Debug|Any CPU
		{B7DB4A95-E576-49AE-9177-0CC18182090D}.Debug|Any CPU.Build.0 = Debug|Any CPU
		{B7DB4A95-E576-49AE-9177-0CC18182090D}.Release|Any CPU.ActiveCfg = Release|Any CPU
		{B7DB4A95-E576-49AE-9177-0CC18182090D}.Release|Any CPU.Build.0 = Release|Any CPU
	EndGlobalSection
	GlobalSection(SolutionProperties) = preSolution
		HideSolutionNode = FALSE
	EndGlobalSection
	GlobalSection(NestedProjects) = preSolution
		{F047E0FE-DB0C-43B7-8616-4FED53CD6C0B} = {02EA681E-C7D8-13C7-8484-4AC65E1B71E8}
		{A002C398-D145-4F23-BDEE-1F56B9D88522} = {02EA681E-C7D8-13C7-8484-4AC65E1B71E8}
		{60D7D0E9-BD77-41DB-AA97-D99E62A99CEA} = {02EA681E-C7D8-13C7-8484-4AC65E1B71E8}
		{B7DB4A95-E576-49AE-9177-0CC18182090D} = {02EA681E-C7D8-13C7-8484-4AC65E1B71E8}
	EndGlobalSection
	GlobalSection(ExtensibilityGlobals) = postSolution
		SolutionGuid = {E7484BF6-CE15-4C47-9CA3-8170953C7709}
	EndGlobalSection
EndGlobal
